// !$*UTF8*$!
{
	archiveVersion = 1;
	classes = {
	};
	objectVersion = 77;
	objects = {

/* Begin PBXBuildFile section */
		F1BCCAE62F7917EB004CFEB0 /* 提示词.txt in Resources */ = {isa = PBXBuildFile; fileRef = F1BCCAE52F7917E1004CFEB0 /* 提示词.txt */; };
		F1BCCAEE2F79EDFA004CFEB0 /* README.md in Sources */ = {isa = PBXBuildFile; fileRef = F1BCCAED2F79EDEF004CFEB0 /* README.md */; };
		F1BCCB0F2F79F209004CFEB0 /* 租户管理2.png in Resources */ = {isa = PBXBuildFile; fileRef = F1BCCB0A2F79F209004CFEB0 /* 租户管理2.png */; };
		F1BCCB102F79F209004CFEB0 /* 登录.png in Resources */ = {isa = PBXBuildFile; fileRef = F1BCCAF02F79F209004CFEB0 /* 登录.png */; };
		F1BCCB112F79F209004CFEB0 /* ai聊天菜单功能.png in Resources */ = {isa = PBXBuildFile; fileRef = F1BCCB0B2F79F209004CFEB0 /* ai聊天菜单功能.png */; };
		F1BCCB122F79F209004CFEB0 /* ai聊天会话记录.png in Resources */ = {isa = PBXBuildFile; fileRef = F1BCCB0C2F79F209004CFEB0 /* ai聊天会话记录.png */; };
		F1BCCB132F79F209004CFEB0 /* 更改用户信息4.png in Resources */ = {isa = PBXBuildFile; fileRef = F1BCCAF42F79F209004CFEB0 /* 更改用户信息4.png */; };
		F1BCCB142F79F209004CFEB0 /* ai聊天切换模型.png in Resources */ = {isa = PBXBuildFile; fileRef = F1BCCB0D2F79F209004CFEB0 /* ai聊天切换模型.png */; };
		F1BCCB152F79F209004CFEB0 /* 忘记密码.png in Resources */ = {isa = PBXBuildFile; fileRef = F1BCCAFB2F79F209004CFEB0 /* 忘记密码.png */; };
		F1BCCB162F79F209004CFEB0 /* 添加用户.png in Resources */ = {isa = PBXBuildFile; fileRef = F1BCCAF92F79F209004CFEB0 /* 添加用户.png */; };
		F1BCCB172F79F209004CFEB0 /* 修改密码.png in Resources */ = {isa = PBXBuildFile; fileRef = F1BCCAFD2F79F209004CFEB0 /* 修改密码.png */; };
		F1BCCB182F79F209004CFEB0 /* 更改用户信息2.png in Resources */ = {isa = PBXBuildFile; fileRef = F1BCCAF22F79F209004CFEB0 /* 更改用户信息2.png */; };
		F1BCCB192F79F209004CFEB0 /* 添加租户.png in Resources */ = {isa = PBXBuildFile; fileRef = F1BCCAFA2F79F209004CFEB0 /* 添加租户.png */; };
		F1BCCB1A2F79F209004CFEB0 /* 修改密码页面.png in Resources */ = {isa = PBXBuildFile; fileRef = F1BCCAFE2F79F209004CFEB0 /* 修改密码页面.png */; };
		F1BCCB1B2F79F209004CFEB0 /* 用户信息.png in Resources */ = {isa = PBXBuildFile; fileRef = F1BCCB022F79F209004CFEB0 /* 用户信息.png */; };
		F1BCCB1C2F79F209004CFEB0 /* 账号密码登录.png in Resources */ = {isa = PBXBuildFile; fileRef = F1BCCB042F79F209004CFEB0 /* 账号密码登录.png */; };
		F1BCCB1D2F79F209004CFEB0 /* 我的文档.png in Resources */ = {isa = PBXBuildFile; fileRef = F1BCCAFC2F79F209004CFEB0 /* 我的文档.png */; };
		F1BCCB1E2F79F209004CFEB0 /* 修改用户信息.png in Resources */ = {isa = PBXBuildFile; fileRef = F1BCCAFF2F79F209004CFEB0 /* 修改用户信息.png */; };
		F1BCCB1F2F79F209004CFEB0 /* 邮箱验证码登录.png in Resources */ = {isa = PBXBuildFile; fileRef = F1BCCB032F79F209004CFEB0 /* 邮箱验证码登录.png */; };
		F1BCCB202F79F209004CFEB0 /* 上传文档.png in Resources */ = {isa = PBXBuildFile; fileRef = F1BCCAF62F79F209004CFEB0 /* 上传文档.png */; };
		F1BCCB212F79F209004CFEB0 /* 重置密码.png in Resources */ = {isa = PBXBuildFile; fileRef = F1BCCB062F79F209004CFEB0 /* 重置密码.png */; };
		F1BCCB222F79F209004CFEB0 /* 更改用户信息3.png in Resources */ = {isa = PBXBuildFile; fileRef = F1BCCAF32F79F209004CFEB0 /* 更改用户信息3.png */; };
		F1BCCB232F79F209004CFEB0 /* 重置密码页面.png in Resources */ = {isa = PBXBuildFile; fileRef = F1BCCB072F79F209004CFEB0 /* 重置密码页面.png */; };
		F1BCCB242F79F209004CFEB0 /* 找回密码页面.png in Resources */ = {isa = PBXBuildFile; fileRef = F1BCCB052F79F209004CFEB0 /* 找回密码页面.png */; };
		F1BCCB252F79F209004CFEB0 /* 查询文档.png in Resources */ = {isa = PBXBuildFile; fileRef = F1BCCAEF2F79F209004CFEB0 /* 查询文档.png */; };
		F1BCCB262F79F209004CFEB0 /* 选择文档.png in Resources */ = {isa = PBXBuildFile; fileRef = F1BCCB002F79F209004CFEB0 /* 选择文档.png */; };
		F1BCCB272F79F209004CFEB0 /* 租户管理.png in Resources */ = {isa = PBXBuildFile; fileRef = F1BCCB092F79F209004CFEB0 /* 租户管理.png */; };
		F1BCCB282F79F209004CFEB0 /* rag文档查询.png in Resources */ = {isa = PBXBuildFile; fileRef = F1BCCB0E2F79F209004CFEB0 /* rag文档查询.png */; };
		F1BCCB292F79F209004CFEB0 /* 注册页面.png in Resources */ = {isa = PBXBuildFile; fileRef = F1BCCB082F79F209004CFEB0 /* 注册页面.png */; };
		F1BCCB2A2F79F209004CFEB0 /* 切换租户.png in Resources */ = {isa = PBXBuildFile; fileRef = F1BCCAF52F79F209004CFEB0 /* 切换租户.png */; };
		F1BCCB2B2F79F209004CFEB0 /* 设置提示词.png in Resources */ = {isa = PBXBuildFile; fileRef = F1BCCAF72F79F209004CFEB0 /* 设置提示词.png */; };
		F1BCCB2C2F79F209004CFEB0 /* 提示词列表.png in Resources */ = {isa = PBXBuildFile; fileRef = F1BCCAF82F79F209004CFEB0 /* 提示词列表.png */; };
		F1BCCB2D2F79F209004CFEB0 /* 选择文档目录.png in Resources */ = {isa = PBXBuildFile; fileRef = F1BCCB012F79F209004CFEB0 /* 选择文档目录.png */; };
		F1BCCB2E2F79F209004CFEB0 /* 更改用户信息1.png in Resources */ = {isa = PBXBuildFile; fileRef = F1BCCAF12F79F209004CFEB0 /* 更改用户信息1.png */; };
/* End PBXBuildFile section */

/* Begin PBXFileReference section */
		F1BCCA5C2F72D836004CFEB0 /* chat.app */ = {isa = PBXFileReference; explicitFileType = wrapper.application; includeInIndex = 0; path = chat.app; sourceTree = BUILT_PRODUCTS_DIR; };
		F1BCCAE52F7917E1004CFEB0 /* 提示词.txt */ = {isa = PBXFileReference; lastKnownFileType = text; path = "提示词.txt"; sourceTree = "<group>"; };
		F1BCCAED2F79EDEF004CFEB0 /* README.md */ = {isa = PBXFileReference; lastKnownFileType = sourcecode.swift; path = README.md; sourceTree = "<group>"; };
		F1BCCAEF2F79F209004CFEB0 /* 查询文档.png */ = {isa = PBXFileReference; lastKnownFileType = image.png; path = "查询文档.png"; sourceTree = "<group>"; };
		F1BCCAF02F79F209004CFEB0 /* 登录.png */ = {isa = PBXFileReference; lastKnownFileType = image.png; path = "登录.png"; sourceTree = "<group>"; };
		F1BCCAF12F79F209004CFEB0 /* 更改用户信息1.png */ = {isa = PBXFileReference; lastKnownFileType = image.png; path = "更改用户信息1.png"; sourceTree = "<group>"; };
		F1BCCAF22F79F209004CFEB0 /* 更改用户信息2.png */ = {isa = PBXFileReference; lastKnownFileType = image.png; path = "更改用户信息2.png"; sourceTree = "<group>"; };
		F1BCCAF32F79F209004CFEB0 /* 更改用户信息3.png */ = {isa = PBXFileReference; lastKnownFileType = image.png; path = "更改用户信息3.png"; sourceTree = "<group>"; };
		F1BCCAF42F79F209004CFEB0 /* 更改用户信息4.png */ = {isa = PBXFileReference; lastKnownFileType = image.png; path = "更改用户信息4.png"; sourceTree = "<group>"; };
		F1BCCAF52F79F209004CFEB0 /* 切换租户.png */ = {isa = PBXFileReference; lastKnownFileType = image.png; path = "切换租户.png"; sourceTree = "<group>"; };
		F1BCCAF62F79F209004CFEB0 /* 上传文档.png */ = {isa = PBXFileReference; lastKnownFileType = image.png; path = "上传文档.png"; sourceTree = "<group>"; };
		F1BCCAF72F79F209004CFEB0 /* 设置提示词.png */ = {isa = PBXFileReference; lastKnownFileType = image.png; path = "设置提示词.png"; sourceTree = "<group>"; };
		F1BCCAF82F79F209004CFEB0 /* 提示词列表.png */ = {isa = PBXFileReference; lastKnownFileType = image.png; path = "提示词列表.png"; sourceTree = "<group>"; };
		F1BCCAF92F79F209004CFEB0 /* 添加用户.png */ = {isa = PBXFileReference; lastKnownFileType = image.png; path = "添加用户.png"; sourceTree = "<group>"; };
		F1BCCAFA2F79F209004CFEB0 /* 添加租户.png */ = {isa = PBXFileReference; lastKnownFileType = image.png; path = "添加租户.png"; sourceTree = "<group>"; };
		F1BCCAFB2F79F209004CFEB0 /* 忘记密码.png */ = {isa = PBXFileReference; lastKnownFileType = image.png; path = "忘记密码.png"; sourceTree = "<group>"; };
		F1BCCAFC2F79F209004CFEB0 /* 我的文档.png */ = {isa = PBXFileReference; lastKnownFileType = image.png; path = "我的文档.png"; sourceTree = "<group>"; };
		F1BCCAFD2F79F209004CFEB0 /* 修改密码.png */ = {isa = PBXFileReference; lastKnownFileType = image.png; path = "修改密码.png"; sourceTree = "<group>"; };
		F1BCCAFE2F79F209004CFEB0 /* 修改密码页面.png */ = {isa = PBXFileReference; lastKnownFileType = image.png; path = "修改密码页面.png"; sourceTree = "<group>"; };
		F1BCCAFF2F79F209004CFEB0 /* 修改用户信息.png */ = {isa = PBXFileReference; lastKnownFileType = image.png; path = "修改用户信息.png"; sourceTree = "<group>"; };
		F1BCCB002F79F209004CFEB0 /* 选择文档.png */ = {isa = PBXFileReference; lastKnownFileType = image.png; path = "选择文档.png"; sourceTree = "<group>"; };
		F1BCCB012F79F209004CFEB0 /* 选择文档目录.png */ = {isa = PBXFileReference; lastKnownFileType = image.png; path = "选择文档目录.png"; sourceTree = "<group>"; };
		F1BCCB022F79F209004CFEB0 /* 用户信息.png */ = {isa = PBXFileReference; lastKnownFileType = image.png; path = "用户信息.png"; sourceTree = "<group>"; };
		F1BCCB032F79F209004CFEB0 /* 邮箱验证码登录.png */ = {isa = PBXFileReference; lastKnownFileType = image.png; path = "邮箱验证码登录.png"; sourceTree = "<group>"; };
		F1BCCB042F79F209004CFEB0 /* 账号密码登录.png */ = {isa = PBXFileReference; lastKnownFileType = image.png; path = "账号密码登录.png"; sourceTree = "<group>"; };
		F1BCCB052F79F209004CFEB0 /* 找回密码页面.png */ = {isa = PBXFileReference; lastKnownFileType = image.png; path = "找回密码页面.png"; sourceTree = "<group>"; };
		F1BCCB062F79F209004CFEB0 /* 重置密码.png */ = {isa = PBXFileReference; lastKnownFileType = image.png; path = "重置密码.png"; sourceTree = "<group>"; };
		F1BCCB072F79F209004CFEB0 /* 重置密码页面.png */ = {isa = PBXFileReference; lastKnownFileType = image.png; path = "重置密码页面.png"; sourceTree = "<group>"; };
		F1BCCB082F79F209004CFEB0 /* 注册页面.png */ = {isa = PBXFileReference; lastKnownFileType = image.png; path = "注册页面.png"; sourceTree = "<group>"; };
		F1BCCB092F79F209004CFEB0 /* 租户管理.png */ = {isa = PBXFileReference; lastKnownFileType = image.png; path = "租户管理.png"; sourceTree = "<group>"; };
		F1BCCB0A2F79F209004CFEB0 /* 租户管理2.png */ = {isa = PBXFileReference; lastKnownFileType = image.png; path = "租户管理2.png"; sourceTree = "<group>"; };
		F1BCCB0B2F79F209004CFEB0 /* ai聊天菜单功能.png */ = {isa = PBXFileReference; lastKnownFileType = image.png; path = "ai聊天菜单功能.png"; sourceTree = "<group>"; };
		F1BCCB0C2F79F209004CFEB0 /* ai聊天会话记录.png */ = {isa = PBXFileReference; lastKnownFileType = image.png; path = "ai聊天会话记录.png"; sourceTree = "<group>"; };
		F1BCCB0D2F79F209004CFEB0 /* ai聊天切换模型.png */ = {isa = PBXFileReference; lastKnownFileType = image.png; path = "ai聊天切换模型.png"; sourceTree = "<group>"; };
		F1BCCB0E2F79F209004CFEB0 /* rag文档查询.png */ = {isa = PBXFileReference; lastKnownFileType = image.png; path = "rag文档查询.png"; sourceTree = "<group>"; };
/* End PBXFileReference section */

/* Begin PBXFileSystemSynchronizedRootGroup section */
		F1BCCA5E2F72D836004CFEB0 /* chat */ = {
			isa = PBXFileSystemSynchronizedRootGroup;
			path = chat;
			sourceTree = "<group>";
		};
/* End PBXFileSystemSynchronizedRootGroup section */

/* Begin PBXFrameworksBuildPhase section */
		F1BCCA592F72D836004CFEB0 /* Frameworks */ = {
			isa = PBXFrameworksBuildPhase;
			buildActionMask = 2147483647;
			files = (
			);
			runOnlyForDeploymentPostprocessing = 0;
		};
/* End PBXFrameworksBuildPhase section */

/* Begin PBXGroup section */
		F1BCCA532F72D836004CFEB0 = {
			isa = PBXGroup;
			children = (
				F1BCCAED2F79EDEF004CFEB0 /* README.md */,
				F1BCCAEF2F79F209004CFEB0 /* 查询文档.png */,
				F1BCCAF02F79F209004CFEB0 /* 登录.png */,
				F1BCCAF12F79F209004CFEB0 /* 更改用户信息1.png */,
				F1BCCAF22F79F209004CFEB0 /* 更改用户信息2.png */,
				F1BCCAF32F79F209004CFEB0 /* 更改用户信息3.png */,
				F1BCCAF42F79F209004CFEB0 /* 更改用户信息4.png */,
				F1BCCAF52F79F209004CFEB0 /* 切换租户.png */,
				F1BCCAF62F79F209004CFEB0 /* 上传文档.png */,
				F1BCCAF72F79F209004CFEB0 /* 设置提示词.png */,
				F1BCCAF82F79F209004CFEB0 /* 提示词列表.png */,
				F1BCCAF92F79F209004CFEB0 /* 添加用户.png */,
				F1BCCAFA2F79F209004CFEB0 /* 添加租户.png */,
				F1BCCAFB2F79F209004CFEB0 /* 忘记密码.png */,
				F1BCCAFC2F79F209004CFEB0 /* 我的文档.png */,
				F1BCCAFD2F79F209004CFEB0 /* 修改密码.png */,
				F1BCCAFE2F79F209004CFEB0 /* 修改密码页面.png */,
				F1BCCAFF2F79F209004CFEB0 /* 修改用户信息.png */,
				F1BCCB002F79F209004CFEB0 /* 选择文档.png */,
				F1BCCB012F79F209004CFEB0 /* 选择文档目录.png */,
				F1BCCB022F79F209004CFEB0 /* 用户信息.png */,
				F1BCCB032F79F209004CFEB0 /* 邮箱验证码登录.png */,
				F1BCCB042F79F209004CFEB0 /* 账号密码登录.png */,
				F1BCCB052F79F209004CFEB0 /* 找回密码页面.png */,
				F1BCCB062F79F209004CFEB0 /* 重置密码.png */,
				F1BCCB072F79F209004CFEB0 /* 重置密码页面.png */,
				F1BCCB082F79F209004CFEB0 /* 注册页面.png */,
				F1BCCB092F79F209004CFEB0 /* 租户管理.png */,
				F1BCCB0A2F79F209004CFEB0 /* 租户管理2.png */,
				F1BCCB0B2F79F209004CFEB0 /* ai聊天菜单功能.png */,
				F1BCCB0C2F79F209004CFEB0 /* ai聊天会话记录.png */,
				F1BCCB0D2F79F209004CFEB0 /* ai聊天切换模型.png */,
				F1BCCB0E2F79F209004CFEB0 /* rag文档查询.png */,
				F1BCCAE52F7917E1004CFEB0 /* 提示词.txt */,
				F1BCCA5E2F72D836004CFEB0 /* chat */,
				F1BCCA5D2F72D836004CFEB0 /* Products */,
			);
			sourceTree = "<group>";
		};
		F1BCCA5D2F72D836004CFEB0 /* Products */ = {
			isa = PBXGroup;
			children = (
				F1BCCA5C2F72D836004CFEB0 /* chat.app */,
			);
			name = Products;
			sourceTree = "<group>";
		};
/* End PBXGroup section */

/* Begin PBXNativeTarget section */
		F1BCCA5B2F72D836004CFEB0 /* chat */ = {
			isa = PBXNativeTarget;
			buildConfigurationList = F1BCCA672F72D837004CFEB0 /* Build configuration list for PBXNativeTarget "chat" */;
			buildPhases = (
				F1BCCA582F72D836004CFEB0 /* Sources */,
				F1BCCA592F72D836004CFEB0 /* Frameworks */,
				F1BCCA5A2F72D836004CFEB0 /* Resources */,
			);
			buildRules = (
			);
			dependencies = (
			);
			fileSystemSynchronizedGroups = (
				F1BCCA5E2F72D836004CFEB0 /* chat */,
			);
			name = chat;
			packageProductDependencies = (
			);
			productName = chat;
			productReference = F1BCCA5C2F72D836004CFEB0 /* chat.app */;
			productType = "com.apple.product-type.application";
		};
/* End PBXNativeTarget section */

/* Begin PBXProject section */
		F1BCCA542F72D836004CFEB0 /* Project object */ = {
			isa = PBXProject;
			attributes = {
				BuildIndependentTargetsInParallel = 1;
				LastSwiftUpdateCheck = 2630;
				LastUpgradeCheck = 2630;
				TargetAttributes = {
					F1BCCA5B2F72D836004CFEB0 = {
						CreatedOnToolsVersion = 26.3;
					};
				};
			};
			buildConfigurationList = F1BCCA572F72D836004CFEB0 /* Build configuration list for PBXProject "chat" */;
			developmentRegion = en;
			hasScannedForEncodings = 0;
			knownRegions = (
				en,
				Base,
			);
			mainGroup = F1BCCA532F72D836004CFEB0;
			minimizedProjectReferenceProxies = 1;
			preferredProjectObjectVersion = 77;
			productRefGroup = F1BCCA5D2F72D836004CFEB0 /* Products */;
			projectDirPath = "";
			projectRoot = "";
			targets = (
				F1BCCA5B2F72D836004CFEB0 /* chat */,
			);
		};
/* End PBXProject section */

/* Begin PBXResourcesBuildPhase section */
		F1BCCA5A2F72D836004CFEB0 /* Resources */ = {
			isa = PBXResourcesBuildPhase;
			buildActionMask = 2147483647;
			files = (
				F1BCCB0F2F79F209004CFEB0 /* 租户管理2.png in Resources */,
				F1BCCB102F79F209004CFEB0 /* 登录.png in Resources */,
				F1BCCB112F79F209004CFEB0 /* ai聊天菜单功能.png in Resources */,
				F1BCCB122F79F209004CFEB0 /* ai聊天会话记录.png in Resources */,
				F1BCCB132F79F209004CFEB0 /* 更改用户信息4.png in Resources */,
				F1BCCB142F79F209004CFEB0 /* ai聊天切换模型.png in Resources */,
				F1BCCB152F79F209004CFEB0 /* 忘记密码.png in Resources */,
				F1BCCB162F79F209004CFEB0 /* 添加用户.png in Resources */,
				F1BCCB172F79F209004CFEB0 /* 修改密码.png in Resources */,
				F1BCCB182F79F209004CFEB0 /* 更改用户信息2.png in Resources */,
				F1BCCB192F79F209004CFEB0 /* 添加租户.png in Resources */,
				F1BCCB1A2F79F209004CFEB0 /* 修改密码页面.png in Resources */,
				F1BCCB1B2F79F209004CFEB0 /* 用户信息.png in Resources */,
				F1BCCB1C2F79F209004CFEB0 /* 账号密码登录.png in Resources */,
				F1BCCB1D2F79F209004CFEB0 /* 我的文档.png in Resources */,
				F1BCCB1E2F79F209004CFEB0 /* 修改用户信息.png in Resources */,
				F1BCCB1F2F79F209004CFEB0 /* 邮箱验证码登录.png in Resources */,
				F1BCCB202F79F209004CFEB0 /* 上传文档.png in Resources */,
				F1BCCB212F79F209004CFEB0 /* 重置密码.png in Resources */,
				F1BCCB222F79F209004CFEB0 /* 更改用户信息3.png in Resources */,
				F1BCCB232F79F209004CFEB0 /* 重置密码页面.png in Resources */,
				F1BCCB242F79F209004CFEB0 /* 找回密码页面.png in Resources */,
				F1BCCB252F79F209004CFEB0 /* 查询文档.png in Resources */,
				F1BCCB262F79F209004CFEB0 /* 选择文档.png in Resources */,
				F1BCCB272F79F209004CFEB0 /* 租户管理.png in Resources */,
				F1BCCB282F79F209004CFEB0 /* rag文档查询.png in Resources */,
				F1BCCB292F79F209004CFEB0 /* 注册页面.png in Resources */,
				F1BCCB2A2F79F209004CFEB0 /* 切换租户.png in Resources */,
				F1BCCB2B2F79F209004CFEB0 /* 设置提示词.png in Resources */,
				F1BCCB2C2F79F209004CFEB0 /* 提示词列表.png in Resources */,
				F1BCCB2D2F79F209004CFEB0 /* 选择文档目录.png in Resources */,
				F1BCCB2E2F79F209004CFEB0 /* 更改用户信息1.png in Resources */,
				F1BCCAE62F7917EB004CFEB0 /* 提示词.txt in Resources */,
			);
			runOnlyForDeploymentPostprocessing = 0;
		};
/* End PBXResourcesBuildPhase section */

/* Begin PBXSourcesBuildPhase section */
		F1BCCA582F72D836004CFEB0 /* Sources */ = {
			isa = PBXSourcesBuildPhase;
			buildActionMask = 2147483647;
			files = (
				F1BCCAEE2F79EDFA004CFEB0 /* README.md in Sources */,
			);
			runOnlyForDeploymentPostprocessing = 0;
		};
/* End PBXSourcesBuildPhase section */

/* Begin XCBuildConfiguration section */
		F1BCCA652F72D837004CFEB0 /* Debug */ = {
			isa = XCBuildConfiguration;
			buildSettings = {
				ALWAYS_SEARCH_USER_PATHS = NO;
				ASSETCATALOG_COMPILER_GENERATE_SWIFT_ASSET_SYMBOL_EXTENSIONS = YES;
				CLANG_ANALYZER_NONNULL = YES;
				CLANG_ANALYZER_NUMBER_OBJECT_CONVERSION = YES_AGGRESSIVE;
				CLANG_CXX_LANGUAGE_STANDARD = "gnu++20";
				CLANG_ENABLE_MODULES = YES;
				CLANG_ENABLE_OBJC_ARC = YES;
				CLANG_ENABLE_OBJC_WEAK = YES;
				CLANG_WARN_BLOCK_CAPTURE_AUTORELEASING = YES;
				CLANG_WARN_BOOL_CONVERSION = YES;
				CLANG_WARN_COMMA = YES;
				CLANG_WARN_CONSTANT_CONVERSION = YES;
				CLANG_WARN_DEPRECATED_OBJC_IMPLEMENTATIONS = YES;
				CLANG_WARN_DIRECT_OBJC_ISA_USAGE = YES_ERROR;
				CLANG_WARN_DOCUMENTATION_COMMENTS = YES;
				CLANG_WARN_EMPTY_BODY = YES;
				CLANG_WARN_ENUM_CONVERSION = YES;
				CLANG_WARN_INFINITE_RECURSION = YES;
				CLANG_WARN_INT_CONVERSION = YES;
				CLANG_WARN_NON_LITERAL_NULL_CONVERSION = YES;
				CLANG_WARN_OBJC_IMPLICIT_RETAIN_SELF = YES;
				CLANG_WARN_OBJC_LITERAL_CONVERSION = YES;
				CLANG_WARN_OBJC_ROOT_CLASS = YES_ERROR;
				CLANG_WARN_QUOTED_INCLUDE_IN_FRAMEWORK_HEADER = YES;
				CLANG_WARN_RANGE_LOOP_ANALYSIS = YES;
				CLANG_WARN_STRICT_PROTOTYPES = YES;
				CLANG_WARN_SUSPICIOUS_MOVE = YES;
				CLANG_WARN_UNGUARDED_AVAILABILITY = YES_AGGRESSIVE;
				CLANG_WARN_UNREACHABLE_CODE = YES;
				CLANG_WARN__DUPLICATE_METHOD_MATCH = YES;
				COPY_PHASE_STRIP = NO;
				DEBUG_INFORMATION_FORMAT = dwarf;
				ENABLE_STRICT_OBJC_MSGSEND = YES;
				ENABLE_TESTABILITY = YES;
				ENABLE_USER_SCRIPT_SANDBOXING = YES;
				GCC_C_LANGUAGE_STANDARD = gnu17;
				GCC_DYNAMIC_NO_PIC = NO;
				GCC_NO_COMMON_BLOCKS = YES;
				GCC_OPTIMIZATION_LEVEL = 0;
				GCC_PREPROCESSOR_DEFINITIONS = (
					"DEBUG=1",
					"$(inherited)",
				);
				GCC_WARN_64_TO_32_BIT_CONVERSION = YES;
				GCC_WARN_ABOUT_RETURN_TYPE = YES_ERROR;
				GCC_WARN_UNDECLARED_SELECTOR = YES;
				GCC_WARN_UNINITIALIZED_AUTOS = YES_AGGRESSIVE;
				GCC_WARN_UNUSED_FUNCTION = YES;
				GCC_WARN_UNUSED_VARIABLE = YES;
				IPHONEOS_DEPLOYMENT_TARGET = 26.2;
				LOCALIZATION_PREFERS_STRING_CATALOGS = YES;
				MTL_ENABLE_DEBUG_INFO = INCLUDE_SOURCE;
				MTL_FAST_MATH = YES;
				ONLY_ACTIVE_ARCH = YES;
				SDKROOT = iphoneos;
				SWIFT_ACTIVE_COMPILATION_CONDITIONS = "DEBUG $(inherited)";
				SWIFT_OPTIMIZATION_LEVEL = "-Onone";
			};
			name = Debug;
		};
		F1BCCA662F72D837004CFEB0 /* Release */ = {
			isa = XCBuildConfiguration;
			buildSettings = {
				ALWAYS_SEARCH_USER_PATHS = NO;
				ASSETCATALOG_COMPILER_GENERATE_SWIFT_ASSET_SYMBOL_EXTENSIONS = YES;
				CLANG_ANALYZER_NONNULL = YES;
				CLANG_ANALYZER_NUMBER_OBJECT_CONVERSION = YES_AGGRESSIVE;
				CLANG_CXX_LANGUAGE_STANDARD = "gnu++20";
				CLANG_ENABLE_MODULES = YES;
				CLANG_ENABLE_OBJC_ARC = YES;
				CLANG_ENABLE_OBJC_WEAK = YES;
				CLANG_WARN_BLOCK_CAPTURE_AUTORELEASING = YES;
				CLANG_WARN_BOOL_CONVERSION = YES;
				CLANG_WARN_COMMA = YES;
				CLANG_WARN_CONSTANT_CONVERSION = YES;
				CLANG_WARN_DEPRECATED_OBJC_IMPLEMENTATIONS = YES;
				CLANG_WARN_DIRECT_OBJC_ISA_USAGE = YES_ERROR;
				CLANG_WARN_DOCUMENTATION_COMMENTS = YES;
				CLANG_WARN_EMPTY_BODY = YES;
				CLANG_WARN_ENUM_CONVERSION = YES;
				CLANG_WARN_INFINITE_RECURSION = YES;
				CLANG_WARN_INT_CONVERSION = YES;
				CLANG_WARN_NON_LITERAL_NULL_CONVERSION = YES;
				CLANG_WARN_OBJC_IMPLICIT_RETAIN_SELF = YES;
				CLANG_WARN_OBJC_LITERAL_CONVERSION = YES;
				CLANG_WARN_OBJC_ROOT_CLASS = YES_ERROR;
				CLANG_WARN_QUOTED_INCLUDE_IN_FRAMEWORK_HEADER = YES;
				CLANG_WARN_RANGE_LOOP_ANALYSIS = YES;
				CLANG_WARN_STRICT_PROTOTYPES = YES;
				CLANG_WARN_SUSPICIOUS_MOVE = YES;
				CLANG_WARN_UNGUARDED_AVAILABILITY = YES_AGGRESSIVE;
				CLANG_WARN_UNREACHABLE_CODE = YES;
				CLANG_WARN__DUPLICATE_METHOD_MATCH = YES;
				COPY_PHASE_STRIP = NO;
				DEBUG_INFORMATION_FORMAT = "dwarf-with-dsym";
				ENABLE_NS_ASSERTIONS = NO;
				ENABLE_STRICT_OBJC_MSGSEND = YES;
				ENABLE_USER_SCRIPT_SANDBOXING = YES;
				GCC_C_LANGUAGE_STANDARD = gnu17;
				GCC_NO_COMMON_BLOCKS = YES;
				GCC_WARN_64_TO_32_BIT_CONVERSION = YES;
				GCC_WARN_ABOUT_RETURN_TYPE = YES_ERROR;
				GCC_WARN_UNDECLARED_SELECTOR = YES;
				GCC_WARN_UNINITIALIZED_AUTOS = YES_AGGRESSIVE;
				GCC_WARN_UNUSED_FUNCTION = YES;
				GCC_WARN_UNUSED_VARIABLE = YES;
				IPHONEOS_DEPLOYMENT_TARGET = 26.2;
				LOCALIZATION_PREFERS_STRING_CATALOGS = YES;
				MTL_ENABLE_DEBUG_INFO = NO;
				MTL_FAST_MATH = YES;
				SDKROOT = iphoneos;
				SWIFT_COMPILATION_MODE = wholemodule;
				VALIDATE_PRODUCT = YES;
			};
			name = Release;
		};
		F1BCCA682F72D837004CFEB0 /* Debug */ = {
			isa = XCBuildConfiguration;
			buildSettings = {
				ASSETCATALOG_COMPILER_APPICON_NAME = AppIcon;
				ASSETCATALOG_COMPILER_GLOBAL_ACCENT_COLOR_NAME = AccentColor;
				CODE_SIGN_STYLE = Automatic;
				CURRENT_PROJECT_VERSION = 1;
				DEVELOPMENT_TEAM = 8HYNT9T5MM;
				ENABLE_PREVIEWS = YES;
				GENERATE_INFOPLIST_FILE = YES;
				INFOPLIST_KEY_UIApplicationSceneManifest_Generation = YES;
				INFOPLIST_KEY_UIApplicationSupportsIndirectInputEvents = YES;
				INFOPLIST_KEY_UILaunchScreen_Generation = YES;
				INFOPLIST_KEY_UISupportedInterfaceOrientations_iPad = "UIInterfaceOrientationPortrait UIInterfaceOrientationPortraitUpsideDown UIInterfaceOrientationLandscapeLeft UIInterfaceOrientationLandscapeRight";
				INFOPLIST_KEY_UISupportedInterfaceOrientations_iPhone = "UIInterfaceOrientationPortrait UIInterfaceOrientationLandscapeLeft UIInterfaceOrientationLandscapeRight";
				LD_RUNPATH_SEARCH_PATHS = (
					"$(inherited)",
					"@executable_path/Frameworks",
				);
				MARKETING_VERSION = 1.0;
				PRODUCT_BUNDLE_IDENTIFIER = wuwenqiang.chat;
				PRODUCT_NAME = "$(TARGET_NAME)";
				STRING_CATALOG_GENERATE_SYMBOLS = YES;
				SWIFT_APPROACHABLE_CONCURRENCY = YES;
				SWIFT_DEFAULT_ACTOR_ISOLATION = MainActor;
				SWIFT_EMIT_LOC_STRINGS = YES;
				SWIFT_UPCOMING_FEATURE_MEMBER_IMPORT_VISIBILITY = YES;
				SWIFT_VERSION = 5.0;
				TARGETED_DEVICE_FAMILY = "1,2";
			};
			name = Debug;
		};
		F1BCCA692F72D837004CFEB0 /* Release */ = {
			isa = XCBuildConfiguration;
			buildSettings = {
				ASSETCATALOG_COMPILER_APPICON_NAME = AppIcon;
				ASSETCATALOG_COMPILER_GLOBAL_ACCENT_COLOR_NAME = AccentColor;
				CODE_SIGN_STYLE = Automatic;
				CURRENT_PROJECT_VERSION = 1;
				DEVELOPMENT_TEAM = 8HYNT9T5MM;
				ENABLE_PREVIEWS = YES;
				GENERATE_INFOPLIST_FILE = YES;
				INFOPLIST_KEY_UIApplicationSceneManifest_Generation = YES;
				INFOPLIST_KEY_UIApplicationSupportsIndirectInputEvents = YES;
				INFOPLIST_KEY_UILaunchScreen_Generation = YES;
				INFOPLIST_KEY_UISupportedInterfaceOrientations_iPad = "UIInterfaceOrientationPortrait UIInterfaceOrientationPortraitUpsideDown UIInterfaceOrientationLandscapeLeft UIInterfaceOrientationLandscapeRight";
				INFOPLIST_KEY_UISupportedInterfaceOrientations_iPhone = "UIInterfaceOrientationPortrait UIInterfaceOrientationLandscapeLeft UIInterfaceOrientationLandscapeRight";
				LD_RUNPATH_SEARCH_PATHS = (
					"$(inherited)",
					"@executable_path/Frameworks",
				);
				MARKETING_VERSION = 1.0;
				PRODUCT_BUNDLE_IDENTIFIER = wuwenqiang.chat;
				PRODUCT_NAME = "$(TARGET_NAME)";
				STRING_CATALOG_GENERATE_SYMBOLS = YES;
				SWIFT_APPROACHABLE_CONCURRENCY = YES;
				SWIFT_DEFAULT_ACTOR_ISOLATION = MainActor;
				SWIFT_EMIT_LOC_STRINGS = YES;
				SWIFT_UPCOMING_FEATURE_MEMBER_IMPORT_VISIBILITY = YES;
				SWIFT_VERSION = 5.0;
				TARGETED_DEVICE_FAMILY = "1,2";
			};
			name = Release;
		};
/* End XCBuildConfiguration section */

/* Begin XCConfigurationList section */
		F1BCCA572F72D836004CFEB0 /* Build configuration list for PBXProject "chat" */ = {
			isa = XCConfigurationList;
			buildConfigurations = (
				F1BCCA652F72D837004CFEB0 /* Debug */,
				F1BCCA662F72D837004CFEB0 /* Release */,
			);
			defaultConfigurationIsVisible = 0;
			defaultConfigurationName = Release;
		};
		F1BCCA672F72D837004CFEB0 /* Build configuration list for PBXNativeTarget "chat" */ = {
			isa = XCConfigurationList;
			buildConfigurations = (
				F1BCCA682F72D837004CFEB0 /* Debug */,
				F1BCCA692F72D837004CFEB0 /* Release */,
			);
			defaultConfigurationIsVisible = 0;
			defaultConfigurationName = Release;
		};
/* End XCConfigurationList section */
	};
	rootObject = F1BCCA542F72D836004CFEB0 /* Project object */;
}
